// !$*UTF8*$!
{
	archiveVersion = 1;
	classes = {
	};
	objectVersion = 50;
	objects = {

/* Begin PBXBuildFile section */
		F6E1224E26D3C95600174CF9 /* ComponentsApp.swift in Sources */ = {isa = PBXBuildFile; fileRef = F6E1224D26D3C95600174CF9 /* ComponentsApp.swift */; };
		F6E1225026D3C95600174CF9 /* ContentView.swift in Sources */ = {isa = PBXBuildFile; fileRef = F6E1224F26D3C95600174CF9 /* ContentView.swift */; };
		F6E1225226D3C95A00174CF9 /* Assets.xcassets in Resources */ = {isa = PBXBuildFile; fileRef = F6E1225126D3C95A00174CF9 /* Assets.xcassets */; };
		F6E1225526D3C95A00174CF9 /* Preview Assets.xcassets in Resources */ = {isa = PBXBuildFile; fileRef = F6E1225426D3C95A00174CF9 /* Preview Assets.xcassets */; };
		F6E1225D26D3C98F00174CF9 /* SocialAccountsView.swift in Sources */ = {isa = PBXBuildFile; fileRef = F6E1225C26D3C98F00174CF9 /* SocialAccountsView.swift */; };
		F6E1226126D3E42600174CF9 /* TabsView.swift in Sources */ = {isa = PBXBuildFile; fileRef = F6E1226026D3E42600174CF9 /* TabsView.swift */; };
		F6E1226326D4006E00174CF9 /* SegmentedControlBottomLined.swift in Sources */ = {isa = PBXBuildFile; fileRef = F6E1226226D4006E00174CF9 /* SegmentedControlBottomLined.swift */; };
/* End PBXBuildFile section */

/* Begin PBXFileReference section */
		F6E1224A26D3C95600174CF9 /* Components.app */ = {isa = PBXFileReference; explicitFileType = wrapper.application; includeInIndex = 0; path = Components.app; sourceTree = BUILT_PRODUCTS_DIR; };
		F6E1224D26D3C95600174CF9 /* ComponentsApp.swift */ = {isa = PBXFileReference; lastKnownFileType = sourcecode.swift; path = ComponentsApp.swift; sourceTree = "<group>"; };
		F6E1224F26D3C95600174CF9 /* ContentView.swift */ = {isa = PBXFileReference; lastKnownFileType = sourcecode.swift; path = ContentView.swift; sourceTree = "<group>"; };
		F6E1225126D3C95A00174CF9 /* Assets.xcassets */ = {isa = PBXFileReference; lastKnownFileType = folder.assetcatalog; path = Assets.xcassets; sourceTree = "<group>"; };
		F6E1225426D3C95A00174CF9 /* Preview Assets.xcassets */ = {isa = PBXFileReference; lastKnownFileType = folder.assetcatalog; path = "Preview Assets.xcassets"; sourceTree = "<group>"; };
		F6E1225626D3C95A00174CF9 /* Info.plist */ = {isa = PBXFileReference; lastKnownFileType = text.plist.xml; path = Info.plist; sourceTree = "<group>"; };
		F6E1225C26D3C98F00174CF9 /* SocialAccountsView.swift */ = {isa = PBXFileReference; lastKnownFileType = sourcecode.swift; path = SocialAccountsView.swift; sourceTree = "<group>"; };
		F6E1226026D3E42600174CF9 /* TabsView.swift */ = {isa = PBXFileReference; lastKnownFileType = sourcecode.swift; path = TabsView.swift; sourceTree = "<group>"; };
		F6E1226226D4006E00174CF9 /* SegmentedControlBottomLined.swift */ = {isa = PBXFileReference; lastKnownFileType = sourcecode.swift; path = SegmentedControlBottomLined.swift; sourceTree = "<group>"; };
/* End PBXFileReference section */

/* Begin PBXFrameworksBuildPhase section */
		F6E1224726D3C95600174CF9 /* Frameworks */ = {
			isa = PBXFrameworksBuildPhase;
			buildActionMask = 2147483647;
			files = (
			);
			runOnlyForDeploymentPostprocessing = 0;
		};
/* End PBXFrameworksBuildPhase section */

/* Begin PBXGroup section */
		F6E1224126D3C95600174CF9 = {
			isa = PBXGroup;
			children = (
				F6E1224C26D3C95600174CF9 /* Components */,
				F6E1224B26D3C95600174CF9 /* Products */,
			);
			sourceTree = "<group>";
		};
		F6E1224B26D3C95600174CF9 /* Products */ = {
			isa = PBXGroup;
			children = (
				F6E1224A26D3C95600174CF9 /* Components.app */,
			);
			name = Products;
			sourceTree = "<group>";
		};
		F6E1224C26D3C95600174CF9 /* Components */ = {
			isa = PBXGroup;
			children = (
				F6E1225F26D3E41100174CF9 /* TabsView */,
				F6E1225E26D3E3FF00174CF9 /* SocualAccountsView */,
				F6E1224D26D3C95600174CF9 /* ComponentsApp.swift */,
				F6E1224F26D3C95600174CF9 /* ContentView.swift */,
				F6E1225126D3C95A00174CF9 /* Assets.xcassets */,
				F6E1225626D3C95A00174CF9 /* Info.plist */,
				F6E1225326D3C95A00174CF9 /* Preview Content */,
			);
			path = Components;
			sourceTree = "<group>";
		};
		F6E1225326D3C95A00174CF9 /* Preview Content */ = {
			isa = PBXGroup;
			children = (
				F6E1225426D3C95A00174CF9 /* Preview Assets.xcassets */,
			);
			path = "Preview Content";
			sourceTree = "<group>";
		};
		F6E1225E26D3E3FF00174CF9 /* SocualAccountsView */ = {
			isa = PBXGroup;
			children = (
				F6E1225C26D3C98F00174CF9 /* SocialAccountsView.swift */,
			);
			path = SocualAccountsView;
			sourceTree = "<group>";
		};
		F6E1225F26D3E41100174CF9 /* TabsView */ = {
			isa = PBXGroup;
			children = (
				F6E1226026D3E42600174CF9 /* TabsView.swift */,
				F6E1226226D4006E00174CF9 /* SegmentedControlBottomLined.swift */,
			);
			path = TabsView;
			sourceTree = "<group>";
		};
/* End PBXGroup section */

/* Begin PBXNativeTarget section */
		F6E1224926D3C95600174CF9 /* Components */ = {
			isa = PBXNativeTarget;
			buildConfigurationList = F6E1225926D3C95A00174CF9 /* Build configuration list for PBXNativeTarget "Components" */;
			buildPhases = (
				F6E1224626D3C95600174CF9 /* Sources */,
				F6E1224726D3C95600174CF9 /* Frameworks */,
				F6E1224826D3C95600174CF9 /* Resources */,
			);
			buildRules = (
			);
			dependencies = (
			);
			name = Components;
			productName = Components;
			productReference = F6E1224A26D3C95600174CF9 /* Components.app */;
			productType = "com.apple.product-type.application";
		};
/* End PBXNativeTarget section */

/* Begin PBXProject section */
		F6E1224226D3C95600174CF9 /* Project object */ = {
			isa = PBXProject;
			attributes = {
				LastSwiftUpdateCheck = 1250;
				LastUpgradeCheck = 1250;
				TargetAttributes = {
					F6E1224926D3C95600174CF9 = {
						CreatedOnToolsVersion = 12.5;
					};
				};
			};
			buildConfigurationList = F6E1224526D3C95600174CF9 /* Build configuration list for PBXProject "Components" */;
			compatibilityVersion = "Xcode 9.3";
			developmentRegion = en;
			hasScannedForEncodings = 0;
			knownRegions = (
				en,
				Base,
			);
			mainGroup = F6E1224126D3C95600174CF9;
			productRefGroup = F6E1224B26D3C95600174CF9 /* Products */;
			projectDirPath = "";
			projectRoot = "";
			targets = (
				F6E1224926D3C95600174CF9 /* Components */,
			);
		};
/* End PBXProject section */

/* Begin PBXResourcesBuildPhase section */
		F6E1224826D3C95600174CF9 /* Resources */ = {
			isa = PBXResourcesBuildPhase;
			buildActionMask = 2147483647;
			files = (
				F6E1225526D3C95A00174CF9 /* Preview Assets.xcassets in Resources */,
				F6E1225226D3C95A00174CF9 /* Assets.xcassets in Resources */,
			);
			runOnlyForDeploymentPostprocessing = 0;
		};
/* End PBXResourcesBuildPhase section */

/* Begin PBXSourcesBuildPhase section */
		F6E1224626D3C95600174CF9 /* Sources */ = {
			isa = PBXSourcesBuildPhase;
			buildActionMask = 2147483647;
			files = (
				F6E1225026D3C95600174CF9 /* ContentView.swift in Sources */,
				F6E1224E26D3C95600174CF9 /* ComponentsApp.swift in Sources */,
				F6E1226326D4006E00174CF9 /* SegmentedControlBottomLined.swift in Sources */,
				F6E1226126D3E42600174CF9 /* TabsView.swift in Sources */,
				F6E1225D26D3C98F00174CF9 /* SocialAccountsView.swift in Sources */,
			);
			runOnlyForDeploymentPostprocessing = 0;
		};
/* End PBXSourcesBuildPhase section */

/* Begin XCBuildConfiguration section */
		F6E1225726D3C95A00174CF9 /* Debug */ = {
			isa = XCBuildConfiguration;
			buildSettings = {
				ALWAYS_SEARCH_USER_PATHS = NO;
				CLANG_ANALYZER_NONNULL = YES;
				CLANG_ANALYZER_NUMBER_OBJECT_CONVERSION = YES_AGGRESSIVE;
				CLANG_CXX_LANGUAGE_STANDARD = "gnu++14";
				CLANG_CXX_LIBRARY = "libc++";
				CLANG_ENABLE_MODULES = YES;
				CLANG_ENABLE_OBJC_ARC = YES;
				CLANG_ENABLE_OBJC_WEAK = YES;
				CLANG_WARN_BLOCK_CAPTURE_AUTORELEASING = YES;
				CLANG_WARN_BOOL_CONVERSION = YES;
				CLANG_WARN_COMMA = YES;
				CLANG_WARN_CONSTANT_CONVERSION = YES;
				CLANG_WARN_DEPRECATED_OBJC_IMPLEMENTATIONS = YES;
				CLANG_WARN_DIRECT_OBJC_ISA_USAGE = YES_ERROR;
				CLANG_WARN_DOCUMENTATION_COMMENTS = YES;
				CLANG_WARN_EMPTY_BODY = YES;
				CLANG_WARN_ENUM_CONVERSION = YES;
				CLANG_WARN_INFINITE_RECURSION = YES;
				CLANG_WARN_INT_CONVERSION = YES;
				CLANG_WARN_NON_LITERAL_NULL_CONVERSION = YES;
				CLANG_WARN_OBJC_IMPLICIT_RETAIN_SELF = YES;
				CLANG_WARN_OBJC_LITERAL_CONVERSION = YES;
				CLANG_WARN_OBJC_ROOT_CLASS = YES_ERROR;
				CLANG_WARN_QUOTED_INCLUDE_IN_FRAMEWORK_HEADER = YES;
				CLANG_WARN_RANGE_LOOP_ANALYSIS = YES;
				CLANG_WARN_STRICT_PROTOTYPES = YES;
				CLANG_WARN_SUSPICIOUS_MOVE = YES;
				CLANG_WARN_UNGUARDED_AVAILABILITY = YES_AGGRESSIVE;
				CLANG_WARN_UNREACHABLE_CODE = YES;
				CLANG_WARN__DUPLICATE_METHOD_MATCH = YES;
				COPY_PHASE_STRIP = NO;
				DEBUG_INFORMATION_FORMAT = dwarf;
				ENABLE_STRICT_OBJC_MSGSEND = YES;
				ENABLE_TESTABILITY = YES;
				GCC_C_LANGUAGE_STANDARD = gnu11;
				GCC_DYNAMIC_NO_PIC = NO;
				GCC_NO_COMMON_BLOCKS = YES;
				GCC_OPTIMIZATION_LEVEL = 0;
				GCC_PREPROCESSOR_DEFINITIONS = (
					"DEBUG=1",
					"$(inherited)",
				);
				GCC_WARN_64_TO_32_BIT_CONVERSION = YES;
				GCC_WARN_ABOUT_RETURN_TYPE = YES_ERROR;
				GCC_WARN_UNDECLARED_SELECTOR = YES;
				GCC_WARN_UNINITIALIZED_AUTOS = YES_AGGRESSIVE;
				GCC_WARN_UNUSED_FUNCTION = YES;
				GCC_WARN_UNUSED_VARIABLE = YES;
				IPHONEOS_DEPLOYMENT_TARGET = 14.5;
				MTL_ENABLE_DEBUG_INFO = INCLUDE_SOURCE;
				MTL_FAST_MATH = YES;
				ONLY_ACTIVE_ARCH = YES;
				SDKROOT = iphoneos;
				SWIFT_ACTIVE_COMPILATION_CONDITIONS = DEBUG;
				SWIFT_OPTIMIZATION_LEVEL = "-Onone";
			};
			name = Debug;
		};
		F6E1225826D3C95A00174CF9 /* Release */ = {
			isa = XCBuildConfiguration;
			buildSettings = {
				ALWAYS_SEARCH_USER_PATHS = NO;
				CLANG_ANALYZER_NONNULL = YES;
				CLANG_ANALYZER_NUMBER_OBJECT_CONVERSION = YES_AGGRESSIVE;
				CLANG_CXX_LANGUAGE_STANDARD = "gnu++14";
				CLANG_CXX_LIBRARY = "libc++";
				CLANG_ENABLE_MODULES = YES;
				CLANG_ENABLE_OBJC_ARC = YES;
				CLANG_ENABLE_OBJC_WEAK = YES;
				CLANG_WARN_BLOCK_CAPTURE_AUTORELEASING = YES;
				CLANG_WARN_BOOL_CONVERSION = YES;
				CLANG_WARN_COMMA = YES;
				CLANG_WARN_CONSTANT_CONVERSION = YES;
				CLANG_WARN_DEPRECATED_OBJC_IMPLEMENTATIONS = YES;
				CLANG_WARN_DIRECT_OBJC_ISA_USAGE = YES_ERROR;
				CLANG_WARN_DOCUMENTATION_COMMENTS = YES;
				CLANG_WARN_EMPTY_BODY = YES;
				CLANG_WARN_ENUM_CONVERSION = YES;
				CLANG_WARN_INFINITE_RECURSION = YES;
				CLANG_WARN_INT_CONVERSION = YES;
				CLANG_WARN_NON_LITERAL_NULL_CONVERSION = YES;
				CLANG_WARN_OBJC_IMPLICIT_RETAIN_SELF = YES;
				CLANG_WARN_OBJC_LITERAL_CONVERSION = YES;
				CLANG_WARN_OBJC_ROOT_CLASS = YES_ERROR;
				CLANG_WARN_QUOTED_INCLUDE_IN_FRAMEWORK_HEADER = YES;
				CLANG_WARN_RANGE_LOOP_ANALYSIS = YES;
				CLANG_WARN_STRICT_PROTOTYPES = YES;
				CLANG_WARN_SUSPICIOUS_MOVE = YES;
				CLANG_WARN_UNGUARDED_AVAILABILITY = YES_AGGRESSIVE;
				CLANG_WARN_UNREACHABLE_CODE = YES;
				CLANG_WARN__DUPLICATE_METHOD_MATCH = YES;
				COPY_PHASE_STRIP = NO;
				DEBUG_INFORMATION_FORMAT = "dwarf-with-dsym";
				ENABLE_NS_ASSERTIONS = NO;
				ENABLE_STRICT_OBJC_MSGSEND = YES;
				GCC_C_LANGUAGE_STANDARD = gnu11;
				GCC_NO_COMMON_BLOCKS = YES;
				GCC_WARN_64_TO_32_BIT_CONVERSION = YES;
				GCC_WARN_ABOUT_RETURN_TYPE = YES_ERROR;
				GCC_WARN_UNDECLARED_SELECTOR = YES;
				GCC_WARN_UNINITIALIZED_AUTOS = YES_AGGRESSIVE;
				GCC_WARN_UNUSED_FUNCTION = YES;
				GCC_WARN_UNUSED_VARIABLE = YES;
				IPHONEOS_DEPLOYMENT_TARGET = 14.5;
				MTL_ENABLE_DEBUG_INFO = NO;
				MTL_FAST_MATH = YES;
				SDKROOT = iphoneos;
				SWIFT_COMPILATION_MODE = wholemodule;
				SWIFT_OPTIMIZATION_LEVEL = "-O";
				VALIDATE_PRODUCT = YES;
			};
			name = Release;
		};
		F6E1225A26D3C95A00174CF9 /* Debug */ = {
			isa = XCBuildConfiguration;
			buildSettings = {
				ASSETCATALOG_COMPILER_APPICON_NAME = AppIcon;
				ASSETCATALOG_COMPILER_GLOBAL_ACCENT_COLOR_NAME = AccentColor;
				CODE_SIGN_STYLE = Automatic;
				DEVELOPMENT_ASSET_PATHS = "\"Components/Preview Content\"";
				DEVELOPMENT_TEAM = ZR3G5A9PN7;
				ENABLE_PREVIEWS = YES;
				INFOPLIST_FILE = Components/Info.plist;
				IPHONEOS_DEPLOYMENT_TARGET = 14.0;
				LD_RUNPATH_SEARCH_PATHS = (
					"$(inherited)",
					"@executable_path/Frameworks",
				);
				PRODUCT_BUNDLE_IDENTIFIER = exequiel.banga.Components;
				PRODUCT_NAME = "$(TARGET_NAME)";
				SWIFT_VERSION = 5.0;
				TARGETED_DEVICE_FAMILY = "1,2";
			};
			name = Debug;
		};
		F6E1225B26D3C95A00174CF9 /* Release */ = {
			isa = XCBuildConfiguration;
			buildSettings = {
				ASSETCATALOG_COMPILER_APPICON_NAME = AppIcon;
				ASSETCATALOG_COMPILER_GLOBAL_ACCENT_COLOR_NAME = AccentColor;
				CODE_SIGN_STYLE = Automatic;
				DEVELOPMENT_ASSET_PATHS = "\"Components/Preview Content\"";
				DEVELOPMENT_TEAM = ZR3G5A9PN7;
				ENABLE_PREVIEWS = YES;
				INFOPLIST_FILE = Components/Info.plist;
				IPHONEOS_DEPLOYMENT_TARGET = 14.0;
				LD_RUNPATH_SEARCH_PATHS = (
					"$(inherited)",
					"@executable_path/Frameworks",
				);
				PRODUCT_BUNDLE_IDENTIFIER = exequiel.banga.Components;
				PRODUCT_NAME = "$(TARGET_NAME)";
				SWIFT_VERSION = 5.0;
				TARGETED_DEVICE_FAMILY = "1,2";
			};
			name = Release;
		};
/* End XCBuildConfiguration section */

/* Begin XCConfigurationList section */
		F6E1224526D3C95600174CF9 /* Build configuration list for PBXProject "Components" */ = {
			isa = XCConfigurationList;
			buildConfigurations = (
				F6E1225726D3C95A00174CF9 /* Debug */,
				F6E1225826D3C95A00174CF9 /* Release */,
			);
			defaultConfigurationIsVisible = 0;
			defaultConfigurationName = Release;
		};
		F6E1225926D3C95A00174CF9 /* Build configuration list for PBXNativeTarget "Components" */ = {
			isa = XCConfigurationList;
			buildConfigurations = (
				F6E1225A26D3C95A00174CF9 /* Debug */,
				F6E1225B26D3C95A00174CF9 /* Release */,
			);
			defaultConfigurationIsVisible = 0;
			defaultConfigurationName = Release;
		};
/* End XCConfigurationList section */
	};
	rootObject = F6E1224226D3C95600174CF9 /* Project object */;
}
